
Microsoft Visual Studio Solution File, Format Version 12.00
# Visual Studio Version 16
VisualStudioVersion = 16.0.31005.135
MinimumVisualStudioVersion = 10.0.40219.1
Project("{FAE04EC0-301F-11D3-BF4B-00C04F79EFBC}") = "MyDictionary", "MyDictionary\MyDictionary.csproj", "{B51C9137-F61A-4207-A10F-6721D2E3EBE4}"
EndProject
Global
	GlobalSection(SolutionConfigurationPlatforms) = preSolution
		Debug|Any CPU = Debug|Any CPU
		Release|Any CPU = Release|Any CPU
	EndGlobalSection
	GlobalSection(ProjectConfigurationPlatforms) = postSolution
		{B51C9137-F61A-4207-A10F-6721D2E3EBE4}.Debug|Any CPU.ActiveCfg = Debug|Any CPU
		{B51C9137-F61A-4207-A10F-6721D2E3EBE4}.Debug|Any CPU.Build.0 = Debug|Any CPU
		{B51C9137-F61A-4207-A10F-6721D2E3EBE4}.Release|Any CPU.ActiveCfg = Release|Any CPU
		{B51C9137-F61A-4207-A10F-6721D2E3EBE4}.Release|Any CPU.Build.0 = Release|Any CPU
	EndGlobalSection
	GlobalSection(SolutionProperties) = preSolution
		HideSolutionNode = FALSE
	EndGlobalSection
	GlobalSection(ExtensibilityGlobals) = postSolution
		SolutionGuid = {185C9823-37DD-45FB-B89C-779B9C51F4AA}
	EndGlobalSection
EndGlobal
